
Microsoft Visual Studio Solution File, Format Version 12.00
# Visual Studio Version 17
VisualStudioVersion = 17.4.33122.133
MinimumVisualStudioVersion = 10.0.40219.1
Project("{FAE04EC0-301F-11D3-BF4B-00C04F79EFBC}") = "student-financials-backend", "student-financials-backend\student-financials-backend.csproj", "{FE124B66-5F8B-4B1A-8BF3-04265DF4A812}"
EndProject
Global
	GlobalSection(SolutionConfigurationPlatforms) = preSolution
		Debug|Any CPU = Debug|Any CPU
		Release|Any CPU = Release|Any CPU
	EndGlobalSection
	GlobalSection(ProjectConfigurationPlatforms) = postSolution
		{FE124B66-5F8B-4B1A-8BF3-04265DF4A812}.Debug|Any CPU.ActiveCfg = Debug|Any CPU
		{FE124B66-5F8B-4B1A-8BF3-04265DF4A812}.Debug|Any CPU.Build.0 = Debug|Any CPU
		{FE124B66-5F8B-4B1A-8BF3-04265DF4A812}.Release|Any CPU.ActiveCfg = Release|Any CPU
		{FE124B66-5F8B-4B1A-8BF3-04265DF4A812}.Release|Any CPU.Build.0 = Release|Any CPU
	EndGlobalSection
	GlobalSection(SolutionProperties) = preSolution
		HideSolutionNode = FALSE
	EndGlobalSection
	GlobalSection(ExtensibilityGlobals) = postSolution
		SolutionGuid = {CA58DA1B-B194-44C0-B8C4-EA574E51CFEA}
	EndGlobalSection
EndGlobal
